// !$*UTF8*$!
{
	archiveVersion = 1;
	classes = {
	};
	objectVersion = 46;
	objects = {

/* Begin PBXBuildFile section */
		2A3C6DB518FA052D00233CC0 /* Parse.framework in Frameworks */ = {isa = PBXBuildFile; fileRef = 2A3C6DB318FA052D00233CC0 /* Parse.framework */; };
		534070E118F995FB008AC9C6 /* SetUpViewController.m in Sources */ = {isa = PBXBuildFile; fileRef = 534070E018F995FB008AC9C6 /* SetUpViewController.m */; };
		534070E418F9964D008AC9C6 /* Punishment.m in Sources */ = {isa = PBXBuildFile; fileRef = 534070E318F9964D008AC9C6 /* Punishment.m */; };
		5370F34718F9D3D20037E849 /* Parse.framework in Frameworks */ = {isa = PBXBuildFile; fileRef = 5370F34618F9D3D20037E849 /* Parse.framework */; };
		5370F34A18F9EB6B0037E849 /* Schedule.m in Sources */ = {isa = PBXBuildFile; fileRef = 5370F34918F9EB6B0037E849 /* Schedule.m */; };
		5370F35318FA04680037E849 /* InputViewController.m in Sources */ = {isa = PBXBuildFile; fileRef = 5370F35218FA04680037E849 /* InputViewController.m */; };
		97089D6A18FA56360084D7CA /* SettingsViewController.m in Sources */ = {isa = PBXBuildFile; fileRef = 97089D6918FA56360084D7CA /* SettingsViewController.m */; };
		97227F4F18F9C1BE00103B25 /* UserDetailsViewController.m in Sources */ = {isa = PBXBuildFile; fileRef = 97227F4E18F9C1BE00103B25 /* UserDetailsViewController.m */; };
		97227F5118F9C28800103B25 /* CoreLocation.framework in Frameworks */ = {isa = PBXBuildFile; fileRef = 97227F5018F9C28800103B25 /* CoreLocation.framework */; };
		97227F5318F9C2BD00103B25 /* AudioToolbox.framework in Frameworks */ = {isa = PBXBuildFile; fileRef = 97227F5218F9C2BD00103B25 /* AudioToolbox.framework */; };
		97227F5518F9C2D000103B25 /* CFNetwork.framework in Frameworks */ = {isa = PBXBuildFile; fileRef = 97227F5418F9C2D000103B25 /* CFNetwork.framework */; };
		97227F5718F9C2DD00103B25 /* libz.dylib in Frameworks */ = {isa = PBXBuildFile; fileRef = 97227F5618F9C2DD00103B25 /* libz.dylib */; };
		97227F5918F9C2E500103B25 /* MobileCoreServices.framework in Frameworks */ = {isa = PBXBuildFile; fileRef = 97227F5818F9C2E500103B25 /* MobileCoreServices.framework */; };
		97227F5B18F9C2EE00103B25 /* Security.framework in Frameworks */ = {isa = PBXBuildFile; fileRef = 97227F5A18F9C2EE00103B25 /* Security.framework */; };
		97227F5F18F9C30E00103B25 /* SystemConfiguration.framework in Frameworks */ = {isa = PBXBuildFile; fileRef = 97227F5E18F9C30E00103B25 /* SystemConfiguration.framework */; };
		97227F6518F9C62300103B25 /* LoginViewController.xib in Resources */ = {isa = PBXBuildFile; fileRef = 97227F6418F9C62300103B25 /* LoginViewController.xib */; };
		97227F6F18F9C64E00103B25 /* Icon@2x.png in Resources */ = {isa = PBXBuildFile; fileRef = 97227F6618F9C64E00103B25 /* Icon@2x.png */; };
		97227F7018F9C64E00103B25 /* Icon.png in Resources */ = {isa = PBXBuildFile; fileRef = 97227F6718F9C64E00103B25 /* Icon.png */; };
		97227F7118F9C64E00103B25 /* login-button-small-pressed.png in Resources */ = {isa = PBXBuildFile; fileRef = 97227F6818F9C64E00103B25 /* login-button-small-pressed.png */; };
		97227F7218F9C64E00103B25 /* login-button-small-pressed@2x.png in Resources */ = {isa = PBXBuildFile; fileRef = 97227F6918F9C64E00103B25 /* login-button-small-pressed@2x.png */; };
		97227F7318F9C64E00103B25 /* login-button-small.png in Resources */ = {isa = PBXBuildFile; fileRef = 97227F6A18F9C64E00103B25 /* login-button-small.png */; };
		97227F7418F9C64E00103B25 /* login-button-small@2x.png in Resources */ = {isa = PBXBuildFile; fileRef = 97227F6B18F9C64E00103B25 /* login-button-small@2x.png */; };
		97227F7518F9C64E00103B25 /* Default-568h@2x.png in Resources */ = {isa = PBXBuildFile; fileRef = 97227F6C18F9C64E00103B25 /* Default-568h@2x.png */; };
		97227F7618F9C64E00103B25 /* Default.png in Resources */ = {isa = PBXBuildFile; fileRef = 97227F6D18F9C64E00103B25 /* Default.png */; };
		97227F7718F9C64E00103B25 /* Default@2x.png in Resources */ = {isa = PBXBuildFile; fileRef = 97227F6E18F9C64E00103B25 /* Default@2x.png */; };
		97227F7918F9E46800103B25 /* MapKit.framework in Frameworks */ = {isa = PBXBuildFile; fileRef = 97227F7818F9E46800103B25 /* MapKit.framework */; };
		97227F7C18F9E4BE00103B25 /* MyLocationViewController.m in Sources */ = {isa = PBXBuildFile; fileRef = 97227F7B18F9E4BE00103B25 /* MyLocationViewController.m */; };
		9736EE3818F9678A00B6EDDF /* SectionInformationViewController.m in Sources */ = {isa = PBXBuildFile; fileRef = 9736EE3718F9678A00B6EDDF /* SectionInformationViewController.m */; };
		9736EE3B18F9BF3500B6EDDF /* FacebookSDK.framework in Frameworks */ = {isa = PBXBuildFile; fileRef = 9736EE3918F9BF3500B6EDDF /* FacebookSDK.framework */; };
		9736EE3F18F9BFA100B6EDDF /* LoginViewController.m in Sources */ = {isa = PBXBuildFile; fileRef = 9736EE3E18F9BFA100B6EDDF /* LoginViewController.m */; };
		975150A018F940ED007C5EA4 /* SectionModel.m in Sources */ = {isa = PBXBuildFile; fileRef = 9751509F18F940ED007C5EA4 /* SectionModel.m */; };
		975150A318F95B7A007C5EA4 /* SectionsTable.m in Sources */ = {isa = PBXBuildFile; fileRef = 975150A218F95B7A007C5EA4 /* SectionsTable.m */; };
		97517FB718FA238E00D35F43 /* checked_box.png in Resources */ = {isa = PBXBuildFile; fileRef = 97517FB518FA238E00D35F43 /* checked_box.png */; };
		97517FB818FA238E00D35F43 /* unchecked_box.png in Resources */ = {isa = PBXBuildFile; fileRef = 97517FB618FA238E00D35F43 /* unchecked_box.png */; };
		97517FBA18FA252B00D35F43 /* Main.storyboard in Resources */ = {isa = PBXBuildFile; fileRef = 97517FB918FA252B00D35F43 /* Main.storyboard */; };
		97D025D718F92DA100583527 /* Foundation.framework in Frameworks */ = {isa = PBXBuildFile; fileRef = 97D025D618F92DA100583527 /* Foundation.framework */; };
		97D025D918F92DA100583527 /* CoreGraphics.framework in Frameworks */ = {isa = PBXBuildFile; fileRef = 97D025D818F92DA100583527 /* CoreGraphics.framework */; };
		97D025DB18F92DA100583527 /* UIKit.framework in Frameworks */ = {isa = PBXBuildFile; fileRef = 97D025DA18F92DA100583527 /* UIKit.framework */; };
		97D025E118F92DA100583527 /* InfoPlist.strings in Resources */ = {isa = PBXBuildFile; fileRef = 97D025DF18F92DA100583527 /* InfoPlist.strings */; };
		97D025E318F92DA100583527 /* main.m in Sources */ = {isa = PBXBuildFile; fileRef = 97D025E218F92DA100583527 /* main.m */; };
		97D025E718F92DA100583527 /* AppDelegate.m in Sources */ = {isa = PBXBuildFile; fileRef = 97D025E618F92DA100583527 /* AppDelegate.m */; };
		97D025ED18F92DA100583527 /* ViewController.m in Sources */ = {isa = PBXBuildFile; fileRef = 97D025EC18F92DA100583527 /* ViewController.m */; };
		97D025EF18F92DA100583527 /* Images.xcassets in Resources */ = {isa = PBXBuildFile; fileRef = 97D025EE18F92DA100583527 /* Images.xcassets */; };
		97D025F618F92DA100583527 /* XCTest.framework in Frameworks */ = {isa = PBXBuildFile; fileRef = 97D025F518F92DA100583527 /* XCTest.framework */; };
		97D025F718F92DA100583527 /* Foundation.framework in Frameworks */ = {isa = PBXBuildFile; fileRef = 97D025D618F92DA100583527 /* Foundation.framework */; };
		97D025F818F92DA100583527 /* UIKit.framework in Frameworks */ = {isa = PBXBuildFile; fileRef = 97D025DA18F92DA100583527 /* UIKit.framework */; };
		97D0260018F92DA100583527 /* InfoPlist.strings in Resources */ = {isa = PBXBuildFile; fileRef = 97D025FE18F92DA100583527 /* InfoPlist.strings */; };
		97D0260218F92DA100583527 /* SlothTests.m in Sources */ = {isa = PBXBuildFile; fileRef = 97D0260118F92DA100583527 /* SlothTests.m */; };
		97D0260F18F9371E00583527 /* gear.png in Resources */ = {isa = PBXBuildFile; fileRef = 97D0260E18F9371E00583527 /* gear.png */; };
/* End PBXBuildFile section */

/* Begin PBXContainerItemProxy section */
		97D025F918F92DA100583527 /* PBXContainerItemProxy */ = {
			isa = PBXContainerItemProxy;
			containerPortal = 97D025CB18F92DA100583527 /* Project object */;
			proxyType = 1;
			remoteGlobalIDString = 97D025D218F92DA100583527;
			remoteInfo = Sloth;
		};
/* End PBXContainerItemProxy section */

/* Begin PBXFileReference section */
		2A3C6DB318FA052D00233CC0 /* Parse.framework */ = {isa = PBXFileReference; lastKnownFileType = wrapper.framework; path = Parse.framework; sourceTree = "<group>"; };
		534070DF18F995FB008AC9C6 /* SetUpViewController.h */ = {isa = PBXFileReference; fileEncoding = 4; lastKnownFileType = sourcecode.c.h; path = SetUpViewController.h; sourceTree = "<group>"; };
		534070E018F995FB008AC9C6 /* SetUpViewController.m */ = {isa = PBXFileReference; fileEncoding = 4; lastKnownFileType = sourcecode.c.objc; path = SetUpViewController.m; sourceTree = "<group>"; };
		534070E218F9964D008AC9C6 /* Punishment.h */ = {isa = PBXFileReference; fileEncoding = 4; lastKnownFileType = sourcecode.c.h; path = Punishment.h; sourceTree = "<group>"; };
		534070E318F9964D008AC9C6 /* Punishment.m */ = {isa = PBXFileReference; fileEncoding = 4; lastKnownFileType = sourcecode.c.objc; path = Punishment.m; sourceTree = "<group>"; };
		5370F34618F9D3D20037E849 /* Parse.framework */ = {isa = PBXFileReference; lastKnownFileType = wrapper.framework; path = Parse.framework; sourceTree = "<group>"; };
		5370F34818F9EB6B0037E849 /* Schedule.h */ = {isa = PBXFileReference; fileEncoding = 4; lastKnownFileType = sourcecode.c.h; path = Schedule.h; sourceTree = "<group>"; };
		5370F34918F9EB6B0037E849 /* Schedule.m */ = {isa = PBXFileReference; fileEncoding = 4; lastKnownFileType = sourcecode.c.objc; path = Schedule.m; sourceTree = "<group>"; };
		5370F35118FA04680037E849 /* InputViewController.h */ = {isa = PBXFileReference; fileEncoding = 4; lastKnownFileType = sourcecode.c.h; path = InputViewController.h; sourceTree = "<group>"; };
		5370F35218FA04680037E849 /* InputViewController.m */ = {isa = PBXFileReference; fileEncoding = 4; lastKnownFileType = sourcecode.c.objc; path = InputViewController.m; sourceTree = "<group>"; };
		97089D6818FA56360084D7CA /* SettingsViewController.h */ = {isa = PBXFileReference; fileEncoding = 4; lastKnownFileType = sourcecode.c.h; path = SettingsViewController.h; sourceTree = "<group>"; };
		97089D6918FA56360084D7CA /* SettingsViewController.m */ = {isa = PBXFileReference; fileEncoding = 4; lastKnownFileType = sourcecode.c.objc; path = SettingsViewController.m; sourceTree = "<group>"; };
		97227F4D18F9C1BE00103B25 /* UserDetailsViewController.h */ = {isa = PBXFileReference; fileEncoding = 4; lastKnownFileType = sourcecode.c.h; path = UserDetailsViewController.h; sourceTree = "<group>"; };
		97227F4E18F9C1BE00103B25 /* UserDetailsViewController.m */ = {isa = PBXFileReference; fileEncoding = 4; lastKnownFileType = sourcecode.c.objc; path = UserDetailsViewController.m; sourceTree = "<group>"; };
		97227F5018F9C28800103B25 /* CoreLocation.framework */ = {isa = PBXFileReference; lastKnownFileType = wrapper.framework; name = CoreLocation.framework; path = System/Library/Frameworks/CoreLocation.framework; sourceTree = SDKROOT; };
		97227F5218F9C2BD00103B25 /* AudioToolbox.framework */ = {isa = PBXFileReference; lastKnownFileType = wrapper.framework; name = AudioToolbox.framework; path = System/Library/Frameworks/AudioToolbox.framework; sourceTree = SDKROOT; };
		97227F5418F9C2D000103B25 /* CFNetwork.framework */ = {isa = PBXFileReference; lastKnownFileType = wrapper.framework; name = CFNetwork.framework; path = System/Library/Frameworks/CFNetwork.framework; sourceTree = SDKROOT; };
		97227F5618F9C2DD00103B25 /* libz.dylib */ = {isa = PBXFileReference; lastKnownFileType = "compiled.mach-o.dylib"; name = libz.dylib; path = usr/lib/libz.dylib; sourceTree = SDKROOT; };
		97227F5818F9C2E500103B25 /* MobileCoreServices.framework */ = {isa = PBXFileReference; lastKnownFileType = wrapper.framework; name = MobileCoreServices.framework; path = System/Library/Frameworks/MobileCoreServices.framework; sourceTree = SDKROOT; };
		97227F5A18F9C2EE00103B25 /* Security.framework */ = {isa = PBXFileReference; lastKnownFileType = wrapper.framework; name = Security.framework; path = System/Library/Frameworks/Security.framework; sourceTree = SDKROOT; };
		97227F5E18F9C30E00103B25 /* SystemConfiguration.framework */ = {isa = PBXFileReference; lastKnownFileType = wrapper.framework; name = SystemConfiguration.framework; path = System/Library/Frameworks/SystemConfiguration.framework; sourceTree = SDKROOT; };
		97227F6418F9C62300103B25 /* LoginViewController.xib */ = {isa = PBXFileReference; fileEncoding = 4; lastKnownFileType = file.xib; path = LoginViewController.xib; sourceTree = "<group>"; };
		97227F6618F9C64E00103B25 /* Icon@2x.png */ = {isa = PBXFileReference; lastKnownFileType = image.png; path = "Icon@2x.png"; sourceTree = "<group>"; };
		97227F6718F9C64E00103B25 /* Icon.png */ = {isa = PBXFileReference; lastKnownFileType = image.png; path = Icon.png; sourceTree = "<group>"; };
		97227F6818F9C64E00103B25 /* login-button-small-pressed.png */ = {isa = PBXFileReference; lastKnownFileType = image.png; path = "login-button-small-pressed.png"; sourceTree = "<group>"; };
		97227F6918F9C64E00103B25 /* login-button-small-pressed@2x.png */ = {isa = PBXFileReference; lastKnownFileType = image.png; path = "login-button-small-pressed@2x.png"; sourceTree = "<group>"; };
		97227F6A18F9C64E00103B25 /* login-button-small.png */ = {isa = PBXFileReference; lastKnownFileType = image.png; path = "login-button-small.png"; sourceTree = "<group>"; };
		97227F6B18F9C64E00103B25 /* login-button-small@2x.png */ = {isa = PBXFileReference; lastKnownFileType = image.png; path = "login-button-small@2x.png"; sourceTree = "<group>"; };
		97227F6C18F9C64E00103B25 /* Default-568h@2x.png */ = {isa = PBXFileReference; lastKnownFileType = image.png; path = "Default-568h@2x.png"; sourceTree = "<group>"; };
		97227F6D18F9C64E00103B25 /* Default.png */ = {isa = PBXFileReference; lastKnownFileType = image.png; path = Default.png; sourceTree = "<group>"; };
		97227F6E18F9C64E00103B25 /* Default@2x.png */ = {isa = PBXFileReference; lastKnownFileType = image.png; path = "Default@2x.png"; sourceTree = "<group>"; };
		97227F7818F9E46800103B25 /* MapKit.framework */ = {isa = PBXFileReference; lastKnownFileType = wrapper.framework; name = MapKit.framework; path = System/Library/Frameworks/MapKit.framework; sourceTree = SDKROOT; };
		97227F7A18F9E4BE00103B25 /* MyLocationViewController.h */ = {isa = PBXFileReference; fileEncoding = 4; lastKnownFileType = sourcecode.c.h; path = MyLocationViewController.h; sourceTree = "<group>"; };
		97227F7B18F9E4BE00103B25 /* MyLocationViewController.m */ = {isa = PBXFileReference; fileEncoding = 4; lastKnownFileType = sourcecode.c.objc; path = MyLocationViewController.m; sourceTree = "<group>"; };
		9736EE3618F9678A00B6EDDF /* SectionInformationViewController.h */ = {isa = PBXFileReference; fileEncoding = 4; lastKnownFileType = sourcecode.c.h; path = SectionInformationViewController.h; sourceTree = "<group>"; };
		9736EE3718F9678A00B6EDDF /* SectionInformationViewController.m */ = {isa = PBXFileReference; fileEncoding = 4; lastKnownFileType = sourcecode.c.objc; path = SectionInformationViewController.m; sourceTree = "<group>"; };
		9736EE3918F9BF3500B6EDDF /* FacebookSDK.framework */ = {isa = PBXFileReference; lastKnownFileType = wrapper.framework; path = FacebookSDK.framework; sourceTree = "<group>"; };
		9736EE3D18F9BFA100B6EDDF /* LoginViewController.h */ = {isa = PBXFileReference; fileEncoding = 4; lastKnownFileType = sourcecode.c.h; path = LoginViewController.h; sourceTree = "<group>"; };
		9736EE3E18F9BFA100B6EDDF /* LoginViewController.m */ = {isa = PBXFileReference; fileEncoding = 4; lastKnownFileType = sourcecode.c.objc; path = LoginViewController.m; sourceTree = "<group>"; };
		9751509E18F940ED007C5EA4 /* SectionModel.h */ = {isa = PBXFileReference; fileEncoding = 4; lastKnownFileType = sourcecode.c.h; path = SectionModel.h; sourceTree = "<group>"; };
		9751509F18F940ED007C5EA4 /* SectionModel.m */ = {isa = PBXFileReference; fileEncoding = 4; lastKnownFileType = sourcecode.c.objc; path = SectionModel.m; sourceTree = "<group>"; };
		975150A118F95B7A007C5EA4 /* SectionsTable.h */ = {isa = PBXFileReference; fileEncoding = 4; lastKnownFileType = sourcecode.c.h; path = SectionsTable.h; sourceTree = "<group>"; };
		975150A218F95B7A007C5EA4 /* SectionsTable.m */ = {isa = PBXFileReference; fileEncoding = 4; lastKnownFileType = sourcecode.c.objc; path = SectionsTable.m; sourceTree = "<group>"; };
		97517FB518FA238E00D35F43 /* checked_box.png */ = {isa = PBXFileReference; lastKnownFileType = image.png; name = checked_box.png; path = Images/checked_box.png; sourceTree = "<group>"; };
		97517FB618FA238E00D35F43 /* unchecked_box.png */ = {isa = PBXFileReference; lastKnownFileType = image.png; name = unchecked_box.png; path = Images/unchecked_box.png; sourceTree = "<group>"; };
		97517FB918FA252B00D35F43 /* Main.storyboard */ = {isa = PBXFileReference; fileEncoding = 4; lastKnownFileType = file.storyboard; path = Main.storyboard; sourceTree = "<group>"; };
		97D025D318F92DA100583527 /* Sloth.app */ = {isa = PBXFileReference; explicitFileType = wrapper.application; includeInIndex = 0; path = Sloth.app; sourceTree = BUILT_PRODUCTS_DIR; };
		97D025D618F92DA100583527 /* Foundation.framework */ = {isa = PBXFileReference; lastKnownFileType = wrapper.framework; name = Foundation.framework; path = System/Library/Frameworks/Foundation.framework; sourceTree = SDKROOT; };
		97D025D818F92DA100583527 /* CoreGraphics.framework */ = {isa = PBXFileReference; lastKnownFileType = wrapper.framework; name = CoreGraphics.framework; path = System/Library/Frameworks/CoreGraphics.framework; sourceTree = SDKROOT; };
		97D025DA18F92DA100583527 /* UIKit.framework */ = {isa = PBXFileReference; lastKnownFileType = wrapper.framework; name = UIKit.framework; path = System/Library/Frameworks/UIKit.framework; sourceTree = SDKROOT; };
		97D025DE18F92DA100583527 /* Sloth-Info.plist */ = {isa = PBXFileReference; lastKnownFileType = text.plist.xml; path = "Sloth-Info.plist"; sourceTree = "<group>"; };
		97D025E018F92DA100583527 /* en */ = {isa = PBXFileReference; lastKnownFileType = text.plist.strings; name = en; path = en.lproj/InfoPlist.strings; sourceTree = "<group>"; };
		97D025E218F92DA100583527 /* main.m */ = {isa = PBXFileReference; lastKnownFileType = sourcecode.c.objc; path = main.m; sourceTree = "<group>"; };
		97D025E418F92DA100583527 /* Sloth-Prefix.pch */ = {isa = PBXFileReference; lastKnownFileType = sourcecode.c.h; path = "Sloth-Prefix.pch"; sourceTree = "<group>"; };
		97D025E518F92DA100583527 /* AppDelegate.h */ = {isa = PBXFileReference; lastKnownFileType = sourcecode.c.h; path = AppDelegate.h; sourceTree = "<group>"; };
		97D025E618F92DA100583527 /* AppDelegate.m */ = {isa = PBXFileReference; lastKnownFileType = sourcecode.c.objc; path = AppDelegate.m; sourceTree = "<group>"; };
		97D025EB18F92DA100583527 /* ViewController.h */ = {isa = PBXFileReference; lastKnownFileType = sourcecode.c.h; path = ViewController.h; sourceTree = "<group>"; };
		97D025EC18F92DA100583527 /* ViewController.m */ = {isa = PBXFileReference; lastKnownFileType = sourcecode.c.objc; path = ViewController.m; sourceTree = "<group>"; };
		97D025EE18F92DA100583527 /* Images.xcassets */ = {isa = PBXFileReference; lastKnownFileType = folder.assetcatalog; path = Images.xcassets; sourceTree = "<group>"; };
		97D025F418F92DA100583527 /* SlothTests.xctest */ = {isa = PBXFileReference; explicitFileType = wrapper.cfbundle; includeInIndex = 0; path = SlothTests.xctest; sourceTree = BUILT_PRODUCTS_DIR; };
		97D025F518F92DA100583527 /* XCTest.framework */ = {isa = PBXFileReference; lastKnownFileType = wrapper.framework; name = XCTest.framework; path = Library/Frameworks/XCTest.framework; sourceTree = DEVELOPER_DIR; };
		97D025FD18F92DA100583527 /* SlothTests-Info.plist */ = {isa = PBXFileReference; lastKnownFileType = text.plist.xml; path = "SlothTests-Info.plist"; sourceTree = "<group>"; };
		97D025FF18F92DA100583527 /* en */ = {isa = PBXFileReference; lastKnownFileType = text.plist.strings; name = en; path = en.lproj/InfoPlist.strings; sourceTree = "<group>"; };
		97D0260118F92DA100583527 /* SlothTests.m */ = {isa = PBXFileReference; lastKnownFileType = sourcecode.c.objc; path = SlothTests.m; sourceTree = "<group>"; };
		97D0260E18F9371E00583527 /* gear.png */ = {isa = PBXFileReference; lastKnownFileType = image.png; name = gear.png; path = Images/gear.png; sourceTree = "<group>"; };
/* End PBXFileReference section */

/* Begin PBXFrameworksBuildPhase section */
		97D025D018F92DA100583527 /* Frameworks */ = {
			isa = PBXFrameworksBuildPhase;
			buildActionMask = 2147483647;
			files = (
				97227F7918F9E46800103B25 /* MapKit.framework in Frameworks */,
				97D025DB18F92DA100583527 /* UIKit.framework in Frameworks */,
				97227F5F18F9C30E00103B25 /* SystemConfiguration.framework in Frameworks */,
				97227F5B18F9C2EE00103B25 /* Security.framework in Frameworks */,
				97227F5918F9C2E500103B25 /* MobileCoreServices.framework in Frameworks */,
				97227F5718F9C2DD00103B25 /* libz.dylib in Frameworks */,
				5370F34718F9D3D20037E849 /* Parse.framework in Frameworks */,
				97227F5518F9C2D000103B25 /* CFNetwork.framework in Frameworks */,
				97227F5318F9C2BD00103B25 /* AudioToolbox.framework in Frameworks */,
				97227F5118F9C28800103B25 /* CoreLocation.framework in Frameworks */,
				97D025D918F92DA100583527 /* CoreGraphics.framework in Frameworks */,
				9736EE3B18F9BF3500B6EDDF /* FacebookSDK.framework in Frameworks */,
				97D025D718F92DA100583527 /* Foundation.framework in Frameworks */,
			);
			runOnlyForDeploymentPostprocessing = 0;
		};
		97D025F118F92DA100583527 /* Frameworks */ = {
			isa = PBXFrameworksBuildPhase;
			buildActionMask = 2147483647;
			files = (
				97D025F618F92DA100583527 /* XCTest.framework in Frameworks */,
				97D025F818F92DA100583527 /* UIKit.framework in Frameworks */,
				2A3C6DB518FA052D00233CC0 /* Parse.framework in Frameworks */,
				97D025F718F92DA100583527 /* Foundation.framework in Frameworks */,
			);
			runOnlyForDeploymentPostprocessing = 0;
		};
/* End PBXFrameworksBuildPhase section */

/* Begin PBXGroup section */
		97D025CA18F92DA100583527 = {
			isa = PBXGroup;
			children = (
				97D025DC18F92DA100583527 /* Sloth */,
				97D025FB18F92DA100583527 /* SlothTests */,
				97D025D518F92DA100583527 /* Frameworks */,
				97D025D418F92DA100583527 /* Products */,
			);
			sourceTree = "<group>";
		};
		97D025D418F92DA100583527 /* Products */ = {
			isa = PBXGroup;
			children = (
				97D025D318F92DA100583527 /* Sloth.app */,
				97D025F418F92DA100583527 /* SlothTests.xctest */,
			);
			name = Products;
			sourceTree = "<group>";
		};
		97D025D518F92DA100583527 /* Frameworks */ = {
			isa = PBXGroup;
			children = (
				97227F7818F9E46800103B25 /* MapKit.framework */,
				97227F5E18F9C30E00103B25 /* SystemConfiguration.framework */,
				97227F5A18F9C2EE00103B25 /* Security.framework */,
				97227F5818F9C2E500103B25 /* MobileCoreServices.framework */,
				97227F5618F9C2DD00103B25 /* libz.dylib */,
				2A3C6DB318FA052D00233CC0 /* Parse.framework */,
				97227F5418F9C2D000103B25 /* CFNetwork.framework */,
				97227F5218F9C2BD00103B25 /* AudioToolbox.framework */,
				97227F5018F9C28800103B25 /* CoreLocation.framework */,
				9736EE3918F9BF3500B6EDDF /* FacebookSDK.framework */,
				97D025D618F92DA100583527 /* Foundation.framework */,
				97D025D818F92DA100583527 /* CoreGraphics.framework */,
				97D025DA18F92DA100583527 /* UIKit.framework */,
				97D025F518F92DA100583527 /* XCTest.framework */,
			);
			name = Frameworks;
			sourceTree = "<group>";
		};
		97D025DC18F92DA100583527 /* Sloth */ = {
			isa = PBXGroup;
			children = (
				534070E218F9964D008AC9C6 /* Punishment.h */,
				534070E318F9964D008AC9C6 /* Punishment.m */,
				9736EE3D18F9BFA100B6EDDF /* LoginViewController.h */,
				97227F6418F9C62300103B25 /* LoginViewController.xib */,
				9736EE3E18F9BFA100B6EDDF /* LoginViewController.m */,
				534070DF18F995FB008AC9C6 /* SetUpViewController.h */,
				534070E018F995FB008AC9C6 /* SetUpViewController.m */,
				97D025E518F92DA100583527 /* AppDelegate.h */,
				97D025E618F92DA100583527 /* AppDelegate.m */,
				97517FB918FA252B00D35F43 /* Main.storyboard */,
				97227F4D18F9C1BE00103B25 /* UserDetailsViewController.h */,
				97227F4E18F9C1BE00103B25 /* UserDetailsViewController.m */,
				5370F35118FA04680037E849 /* InputViewController.h */,
				5370F35218FA04680037E849 /* InputViewController.m */,
				5370F34818F9EB6B0037E849 /* Schedule.h */,
				5370F34918F9EB6B0037E849 /* Schedule.m */,
				97D025EB18F92DA100583527 /* ViewController.h */,
				97D025EC18F92DA100583527 /* ViewController.m */,
				9751509E18F940ED007C5EA4 /* SectionModel.h */,
				9751509F18F940ED007C5EA4 /* SectionModel.m */,
				975150A118F95B7A007C5EA4 /* SectionsTable.h */,
				975150A218F95B7A007C5EA4 /* SectionsTable.m */,
				9736EE3618F9678A00B6EDDF /* SectionInformationViewController.h */,
				9736EE3718F9678A00B6EDDF /* SectionInformationViewController.m */,
				97227F7A18F9E4BE00103B25 /* MyLocationViewController.h */,
				97227F7B18F9E4BE00103B25 /* MyLocationViewController.m */,
				97D025DD18F92DA100583527 /* Supporting Files */,
				97D0260D18F9358C00583527 /* Images */,
				97D025EE18F92DA100583527 /* Images.xcassets */,
				97089D6818FA56360084D7CA /* SettingsViewController.h */,
				97089D6918FA56360084D7CA /* SettingsViewController.m */,
			);
			path = Sloth;
			sourceTree = "<group>";
		};
		97D025DD18F92DA100583527 /* Supporting Files */ = {
			isa = PBXGroup;
			children = (
				97227F6618F9C64E00103B25 /* Icon@2x.png */,
				97227F6718F9C64E00103B25 /* Icon.png */,
				97227F6818F9C64E00103B25 /* login-button-small-pressed.png */,
				97227F6918F9C64E00103B25 /* login-button-small-pressed@2x.png */,
				97227F6A18F9C64E00103B25 /* login-button-small.png */,
				97227F6B18F9C64E00103B25 /* login-button-small@2x.png */,
				97227F6C18F9C64E00103B25 /* Default-568h@2x.png */,
				97227F6D18F9C64E00103B25 /* Default.png */,
				97227F6E18F9C64E00103B25 /* Default@2x.png */,
				97D025DE18F92DA100583527 /* Sloth-Info.plist */,
				97D025DF18F92DA100583527 /* InfoPlist.strings */,
				97D025E218F92DA100583527 /* main.m */,
				97D025E418F92DA100583527 /* Sloth-Prefix.pch */,
			);
			name = "Supporting Files";
			sourceTree = "<group>";
		};
		97D025FB18F92DA100583527 /* SlothTests */ = {
			isa = PBXGroup;
			children = (
				97D0260118F92DA100583527 /* SlothTests.m */,
				97D025FC18F92DA100583527 /* Supporting Files */,
			);
			path = SlothTests;
			sourceTree = "<group>";
		};
		97D025FC18F92DA100583527 /* Supporting Files */ = {
			isa = PBXGroup;
			children = (
				97D025FD18F92DA100583527 /* SlothTests-Info.plist */,
				97D025FE18F92DA100583527 /* InfoPlist.strings */,
			);
			name = "Supporting Files";
			sourceTree = "<group>";
		};
		97D0260D18F9358C00583527 /* Images */ = {
			isa = PBXGroup;
			children = (
				97517FB518FA238E00D35F43 /* checked_box.png */,
				97517FB618FA238E00D35F43 /* unchecked_box.png */,
				97D0260E18F9371E00583527 /* gear.png */,
			);
			name = Images;
			sourceTree = "<group>";
		};
/* End PBXGroup section */

/* Begin PBXNativeTarget section */
		97D025D218F92DA100583527 /* Sloth */ = {
			isa = PBXNativeTarget;
			buildConfigurationList = 97D0260518F92DA100583527 /* Build configuration list for PBXNativeTarget "Sloth" */;
			buildPhases = (
				97D025CF18F92DA100583527 /* Sources */,
				97D025D018F92DA100583527 /* Frameworks */,
				97D025D118F92DA100583527 /* Resources */,
			);
			buildRules = (
			);
			dependencies = (
			);
			name = Sloth;
			productName = Sloth;
			productReference = 97D025D318F92DA100583527 /* Sloth.app */;
			productType = "com.apple.product-type.application";
		};
		97D025F318F92DA100583527 /* SlothTests */ = {
			isa = PBXNativeTarget;
			buildConfigurationList = 97D0260818F92DA100583527 /* Build configuration list for PBXNativeTarget "SlothTests" */;
			buildPhases = (
				97D025F018F92DA100583527 /* Sources */,
				97D025F118F92DA100583527 /* Frameworks */,
				97D025F218F92DA100583527 /* Resources */,
			);
			buildRules = (
			);
			dependencies = (
				97D025FA18F92DA100583527 /* PBXTargetDependency */,
			);
			name = SlothTests;
			productName = SlothTests;
			productReference = 97D025F418F92DA100583527 /* SlothTests.xctest */;
			productType = "com.apple.product-type.bundle.unit-test";
		};
/* End PBXNativeTarget section */

/* Begin PBXProject section */
		97D025CB18F92DA100583527 /* Project object */ = {
			isa = PBXProject;
			attributes = {
				LastUpgradeCheck = 0510;
				ORGANIZATIONNAME = SKAD;
				TargetAttributes = {
					97D025D218F92DA100583527 = {
						DevelopmentTeam = 7FX28RKSGV;
					};
					97D025F318F92DA100583527 = {
						TestTargetID = 97D025D218F92DA100583527;
					};
				};
			};
			buildConfigurationList = 97D025CE18F92DA100583527 /* Build configuration list for PBXProject "Sloth" */;
			compatibilityVersion = "Xcode 3.2";
			developmentRegion = English;
			hasScannedForEncodings = 0;
			knownRegions = (
				en,
				Base,
			);
			mainGroup = 97D025CA18F92DA100583527;
			productRefGroup = 97D025D418F92DA100583527 /* Products */;
			projectDirPath = "";
			projectRoot = "";
			targets = (
				97D025D218F92DA100583527 /* Sloth */,
				97D025F318F92DA100583527 /* SlothTests */,
			);
		};
/* End PBXProject section */

/* Begin PBXResourcesBuildPhase section */
		97D025D118F92DA100583527 /* Resources */ = {
			isa = PBXResourcesBuildPhase;
			buildActionMask = 2147483647;
			files = (
				97D025EF18F92DA100583527 /* Images.xcassets in Resources */,
				97D025E118F92DA100583527 /* InfoPlist.strings in Resources */,
				97227F6F18F9C64E00103B25 /* Icon@2x.png in Resources */,
				97227F6518F9C62300103B25 /* LoginViewController.xib in Resources */,
				97227F7018F9C64E00103B25 /* Icon.png in Resources */,
				97227F7218F9C64E00103B25 /* login-button-small-pressed@2x.png in Resources */,
				97517FB818FA238E00D35F43 /* unchecked_box.png in Resources */,
				97227F7418F9C64E00103B25 /* login-button-small@2x.png in Resources */,
				97D0260F18F9371E00583527 /* gear.png in Resources */,
				97517FB718FA238E00D35F43 /* checked_box.png in Resources */,
				97227F7518F9C64E00103B25 /* Default-568h@2x.png in Resources */,
				97517FBA18FA252B00D35F43 /* Main.storyboard in Resources */,
				97227F7618F9C64E00103B25 /* Default.png in Resources */,
				97227F7718F9C64E00103B25 /* Default@2x.png in Resources */,
				97227F7118F9C64E00103B25 /* login-button-small-pressed.png in Resources */,
				97227F7318F9C64E00103B25 /* login-button-small.png in Resources */,
			);
			runOnlyForDeploymentPostprocessing = 0;
		};
		97D025F218F92DA100583527 /* Resources */ = {
			isa = PBXResourcesBuildPhase;
			buildActionMask = 2147483647;
			files = (
				97D0260018F92DA100583527 /* InfoPlist.strings in Resources */,
			);
			runOnlyForDeploymentPostprocessing = 0;
		};
/* End PBXResourcesBuildPhase section */

/* Begin PBXSourcesBuildPhase section */
		97D025CF18F92DA100583527 /* Sources */ = {
			isa = PBXSourcesBuildPhase;
			buildActionMask = 2147483647;
			files = (
				5370F34A18F9EB6B0037E849 /* Schedule.m in Sources */,
				97D025ED18F92DA100583527 /* ViewController.m in Sources */,
				97D025E718F92DA100583527 /* AppDelegate.m in Sources */,
				97227F7C18F9E4BE00103B25 /* MyLocationViewController.m in Sources */,
				534070E418F9964D008AC9C6 /* Punishment.m in Sources */,
				975150A318F95B7A007C5EA4 /* SectionsTable.m in Sources */,
				9736EE3818F9678A00B6EDDF /* SectionInformationViewController.m in Sources */,
				9736EE3F18F9BFA100B6EDDF /* LoginViewController.m in Sources */,
				5370F35318FA04680037E849 /* InputViewController.m in Sources */,
				97D025E318F92DA100583527 /* main.m in Sources */,
				534070E118F995FB008AC9C6 /* SetUpViewController.m in Sources */,
				97227F4F18F9C1BE00103B25 /* UserDetailsViewController.m in Sources */,
				975150A018F940ED007C5EA4 /* SectionModel.m in Sources */,
				97089D6A18FA56360084D7CA /* SettingsViewController.m in Sources */,
			);
			runOnlyForDeploymentPostprocessing = 0;
		};
		97D025F018F92DA100583527 /* Sources */ = {
			isa = PBXSourcesBuildPhase;
			buildActionMask = 2147483647;
			files = (
				97D0260218F92DA100583527 /* SlothTests.m in Sources */,
			);
			runOnlyForDeploymentPostprocessing = 0;
		};
/* End PBXSourcesBuildPhase section */

/* Begin PBXTargetDependency section */
		97D025FA18F92DA100583527 /* PBXTargetDependency */ = {
			isa = PBXTargetDependency;
			target = 97D025D218F92DA100583527 /* Sloth */;
			targetProxy = 97D025F918F92DA100583527 /* PBXContainerItemProxy */;
		};
/* End PBXTargetDependency section */

/* Begin PBXVariantGroup section */
		97D025DF18F92DA100583527 /* InfoPlist.strings */ = {
			isa = PBXVariantGroup;
			children = (
				97D025E018F92DA100583527 /* en */,
			);
			name = InfoPlist.strings;
			sourceTree = "<group>";
		};
		97D025FE18F92DA100583527 /* InfoPlist.strings */ = {
			isa = PBXVariantGroup;
			children = (
				97D025FF18F92DA100583527 /* en */,
			);
			name = InfoPlist.strings;
			sourceTree = "<group>";
		};
/* End PBXVariantGroup section */

/* Begin XCBuildConfiguration section */
		97D0260318F92DA100583527 /* Debug */ = {
			isa = XCBuildConfiguration;
			buildSettings = {
				ALWAYS_SEARCH_USER_PATHS = NO;
				CLANG_CXX_LANGUAGE_STANDARD = "gnu++0x";
				CLANG_CXX_LIBRARY = "libc++";
				CLANG_ENABLE_MODULES = YES;
				CLANG_ENABLE_OBJC_ARC = YES;
				CLANG_WARN_BOOL_CONVERSION = YES;
				CLANG_WARN_CONSTANT_CONVERSION = YES;
				CLANG_WARN_DIRECT_OBJC_ISA_USAGE = YES_ERROR;
				CLANG_WARN_EMPTY_BODY = YES;
				CLANG_WARN_ENUM_CONVERSION = YES;
				CLANG_WARN_INT_CONVERSION = YES;
				CLANG_WARN_OBJC_ROOT_CLASS = YES_ERROR;
				CLANG_WARN__DUPLICATE_METHOD_MATCH = YES;
				"CODE_SIGN_IDENTITY[sdk=iphoneos*]" = "iPhone Developer";
				COPY_PHASE_STRIP = NO;
				GCC_C_LANGUAGE_STANDARD = gnu99;
				GCC_DYNAMIC_NO_PIC = NO;
				GCC_OPTIMIZATION_LEVEL = 0;
				GCC_PREPROCESSOR_DEFINITIONS = (
					"DEBUG=1",
					"$(inherited)",
				);
				GCC_SYMBOLS_PRIVATE_EXTERN = NO;
				GCC_WARN_64_TO_32_BIT_CONVERSION = YES;
				GCC_WARN_ABOUT_RETURN_TYPE = YES_ERROR;
				GCC_WARN_UNDECLARED_SELECTOR = YES;
				GCC_WARN_UNINITIALIZED_AUTOS = YES;
				GCC_WARN_UNUSED_FUNCTION = YES;
				GCC_WARN_UNUSED_VARIABLE = YES;
				IPHONEOS_DEPLOYMENT_TARGET = 7.0;
				ONLY_ACTIVE_ARCH = YES;
				SDKROOT = iphoneos;
			};
			name = Debug;
		};
		97D0260418F92DA100583527 /* Release */ = {
			isa = XCBuildConfiguration;
			buildSettings = {
				ALWAYS_SEARCH_USER_PATHS = NO;
				CLANG_CXX_LANGUAGE_STANDARD = "gnu++0x";
				CLANG_CXX_LIBRARY = "libc++";
				CLANG_ENABLE_MODULES = YES;
				CLANG_ENABLE_OBJC_ARC = YES;
				CLANG_WARN_BOOL_CONVERSION = YES;
				CLANG_WARN_CONSTANT_CONVERSION = YES;
				CLANG_WARN_DIRECT_OBJC_ISA_USAGE = YES_ERROR;
				CLANG_WARN_EMPTY_BODY = YES;
				CLANG_WARN_ENUM_CONVERSION = YES;
				CLANG_WARN_INT_CONVERSION = YES;
				CLANG_WARN_OBJC_ROOT_CLASS = YES_ERROR;
				CLANG_WARN__DUPLICATE_METHOD_MATCH = YES;
				"CODE_SIGN_IDENTITY[sdk=iphoneos*]" = "iPhone Developer";
				COPY_PHASE_STRIP = YES;
				ENABLE_NS_ASSERTIONS = NO;
				GCC_C_LANGUAGE_STANDARD = gnu99;
				GCC_WARN_64_TO_32_BIT_CONVERSION = YES;
				GCC_WARN_ABOUT_RETURN_TYPE = YES_ERROR;
				GCC_WARN_UNDECLARED_SELECTOR = YES;
				GCC_WARN_UNINITIALIZED_AUTOS = YES;
				GCC_WARN_UNUSED_FUNCTION = YES;
				GCC_WARN_UNUSED_VARIABLE = YES;
				IPHONEOS_DEPLOYMENT_TARGET = 7.0;
				SDKROOT = iphoneos;
				VALIDATE_PRODUCT = YES;
			};
			name = Release;
		};
		97D0260618F92DA100583527 /* Debug */ = {
			isa = XCBuildConfiguration;
			buildSettings = {
				ASSETCATALOG_COMPILER_APPICON_NAME = AppIcon;
				ASSETCATALOG_COMPILER_LAUNCHIMAGE_NAME = LaunchImage;
				CODE_SIGN_IDENTITY = "iPhone Developer";
				"CODE_SIGN_IDENTITY[sdk=iphoneos*]" = "iPhone Developer";
				FRAMEWORK_SEARCH_PATHS = (
					"$(inherited)",
					/Users/lavingiasa/Dropbox/USC/Hackathons/LAHacks2014/iOS/Sloth,
					"$(PROJECT_DIR)",
				);
				GCC_PRECOMPILE_PREFIX_HEADER = YES;
				GCC_PREFIX_HEADER = "Sloth/Sloth-Prefix.pch";
				INFOPLIST_FILE = "Sloth/Sloth-Info.plist";
				IPHONEOS_DEPLOYMENT_TARGET = 7.0;
				PRODUCT_NAME = "$(TARGET_NAME)";
				PROVISIONING_PROFILE = "";
				WRAPPER_EXTENSION = app;
			};
			name = Debug;
		};
		97D0260718F92DA100583527 /* Release */ = {
			isa = XCBuildConfiguration;
			buildSettings = {
				ASSETCATALOG_COMPILER_APPICON_NAME = AppIcon;
				ASSETCATALOG_COMPILER_LAUNCHIMAGE_NAME = LaunchImage;
				CODE_SIGN_IDENTITY = "iPhone Developer";
				"CODE_SIGN_IDENTITY[sdk=iphoneos*]" = "iPhone Developer";
				FRAMEWORK_SEARCH_PATHS = (
					"$(inherited)",
					/Users/lavingiasa/Dropbox/USC/Hackathons/LAHacks2014/iOS/Sloth,
					"$(PROJECT_DIR)",
				);
				GCC_PRECOMPILE_PREFIX_HEADER = YES;
				GCC_PREFIX_HEADER = "Sloth/Sloth-Prefix.pch";
				INFOPLIST_FILE = "Sloth/Sloth-Info.plist";
				IPHONEOS_DEPLOYMENT_TARGET = 7.0;
				PRODUCT_NAME = "$(TARGET_NAME)";
				PROVISIONING_PROFILE = "";
				WRAPPER_EXTENSION = app;
			};
			name = Release;
		};
		97D0260918F92DA100583527 /* Debug */ = {
			isa = XCBuildConfiguration;
			buildSettings = {
				BUNDLE_LOADER = "$(BUILT_PRODUCTS_DIR)/Sloth.app/Sloth";
				FRAMEWORK_SEARCH_PATHS = (
					"$(SDKROOT)/Developer/Library/Frameworks",
					"$(inherited)",
					"$(DEVELOPER_FRAMEWORKS_DIR)",
					"$(PROJECT_DIR)",
				);
				GCC_PRECOMPILE_PREFIX_HEADER = YES;
				GCC_PREFIX_HEADER = "Sloth/Sloth-Prefix.pch";
				GCC_PREPROCESSOR_DEFINITIONS = (
					"DEBUG=1",
					"$(inherited)",
				);
				INFOPLIST_FILE = "SlothTests/SlothTests-Info.plist";
				PRODUCT_NAME = "$(TARGET_NAME)";
				TEST_HOST = "$(BUNDLE_LOADER)";
				WRAPPER_EXTENSION = xctest;
			};
			name = Debug;
		};
		97D0260A18F92DA100583527 /* Release */ = {
			isa = XCBuildConfiguration;
			buildSettings = {
				BUNDLE_LOADER = "$(BUILT_PRODUCTS_DIR)/Sloth.app/Sloth";
				FRAMEWORK_SEARCH_PATHS = (
					"$(SDKROOT)/Developer/Library/Frameworks",
					"$(inherited)",
					"$(DEVELOPER_FRAMEWORKS_DIR)",
					"$(PROJECT_DIR)",
				);
				GCC_PRECOMPILE_PREFIX_HEADER = YES;
				GCC_PREFIX_HEADER = "Sloth/Sloth-Prefix.pch";
				INFOPLIST_FILE = "SlothTests/SlothTests-Info.plist";
				PRODUCT_NAME = "$(TARGET_NAME)";
				TEST_HOST = "$(BUNDLE_LOADER)";
				WRAPPER_EXTENSION = xctest;
			};
			name = Release;
		};
/* End XCBuildConfiguration section */

/* Begin XCConfigurationList section */
		97D025CE18F92DA100583527 /* Build configuration list for PBXProject "Sloth" */ = {
			isa = XCConfigurationList;
			buildConfigurations = (
				97D0260318F92DA100583527 /* Debug */,
				97D0260418F92DA100583527 /* Release */,
			);
			defaultConfigurationIsVisible = 0;
			defaultConfigurationName = Release;
		};
		97D0260518F92DA100583527 /* Build configuration list for PBXNativeTarget "Sloth" */ = {
			isa = XCConfigurationList;
			buildConfigurations = (
				97D0260618F92DA100583527 /* Debug */,
				97D0260718F92DA100583527 /* Release */,
			);
			defaultConfigurationIsVisible = 0;
			defaultConfigurationName = Release;
		};
		97D0260818F92DA100583527 /* Build configuration list for PBXNativeTarget "SlothTests" */ = {
			isa = XCConfigurationList;
			buildConfigurations = (
				97D0260918F92DA100583527 /* Debug */,
				97D0260A18F92DA100583527 /* Release */,
			);
			defaultConfigurationIsVisible = 0;
			defaultConfigurationName = Release;
		};
/* End XCConfigurationList section */
	};
	rootObject = 97D025CB18F92DA100583527 /* Project object */;
}
